
Microsoft Visual Studio Solution File, Format Version 12.00
# Visual Studio Version 16
VisualStudioVersion = 16.0.29123.88
MinimumVisualStudioVersion = 10.0.40219.1
Project("{FAE04EC0-301F-11D3-BF4B-00C04F79EFBC}") = "ChatServerCoklu", "ChatServerCoklu\ChatServerCoklu.csproj", "{23FF6A93-AB8B-4E2D-BA9C-E9DF3116E3C0}"
EndProject
Global
	GlobalSection(SolutionConfigurationPlatforms) = preSolution
		Debug|Any CPU = Debug|Any CPU
		Debug|x64 = Debug|x64
		Release|Any CPU = Release|Any CPU
		Release|x64 = Release|x64
	EndGlobalSection
	GlobalSection(ProjectConfigurationPlatforms) = postSolution
		{23FF6A93-AB8B-4E2D-BA9C-E9DF3116E3C0}.Debug|Any CPU.ActiveCfg = Debug|Any CPU
		{23FF6A93-AB8B-4E2D-BA9C-E9DF3116E3C0}.Debug|Any CPU.Build.0 = Debug|Any CPU
		{23FF6A93-AB8B-4E2D-BA9C-E9DF3116E3C0}.Debug|x64.ActiveCfg = Debug|x64
		{23FF6A93-AB8B-4E2D-BA9C-E9DF3116E3C0}.Debug|x64.Build.0 = Debug|x64
		{23FF6A93-AB8B-4E2D-BA9C-E9DF3116E3C0}.Release|Any CPU.ActiveCfg = Release|Any CPU
		{23FF6A93-AB8B-4E2D-BA9C-E9DF3116E3C0}.Release|Any CPU.Build.0 = Release|Any CPU
		{23FF6A93-AB8B-4E2D-BA9C-E9DF3116E3C0}.Release|x64.ActiveCfg = Release|x64
		{23FF6A93-AB8B-4E2D-BA9C-E9DF3116E3C0}.Release|x64.Build.0 = Release|x64
	EndGlobalSection
	GlobalSection(SolutionProperties) = preSolution
		HideSolutionNode = FALSE
	EndGlobalSection
	GlobalSection(ExtensibilityGlobals) = postSolution
		SolutionGuid = {7BFC2522-C59D-42ED-AFEA-E0FBEE816F04}
	EndGlobalSection
EndGlobal
