
Microsoft Visual Studio Solution File, Format Version 12.00
# Visual Studio 15
VisualStudioVersion = 15.0.28307.779
MinimumVisualStudioVersion = 10.0.40219.1
Project("{FAE04EC0-301F-11D3-BF4B-00C04F79EFBC}") = "ChatClientCoklu", "ChatClientCoklu\ChatClientCoklu.csproj", "{1236A454-0274-467F-84E3-6201315E00E3}"
EndProject
Global
	GlobalSection(SolutionConfigurationPlatforms) = preSolution
		Debug|Any CPU = Debug|Any CPU
		Debug|x64 = Debug|x64
		Release|Any CPU = Release|Any CPU
		Release|x64 = Release|x64
	EndGlobalSection
	GlobalSection(ProjectConfigurationPlatforms) = postSolution
		{1236A454-0274-467F-84E3-6201315E00E3}.Debug|Any CPU.ActiveCfg = Debug|Any CPU
		{1236A454-0274-467F-84E3-6201315E00E3}.Debug|Any CPU.Build.0 = Debug|Any CPU
		{1236A454-0274-467F-84E3-6201315E00E3}.Debug|x64.ActiveCfg = Debug|x64
		{1236A454-0274-467F-84E3-6201315E00E3}.Debug|x64.Build.0 = Debug|x64
		{1236A454-0274-467F-84E3-6201315E00E3}.Release|Any CPU.ActiveCfg = Release|Any CPU
		{1236A454-0274-467F-84E3-6201315E00E3}.Release|Any CPU.Build.0 = Release|Any CPU
		{1236A454-0274-467F-84E3-6201315E00E3}.Release|x64.ActiveCfg = Release|x64
		{1236A454-0274-467F-84E3-6201315E00E3}.Release|x64.Build.0 = Release|x64
	EndGlobalSection
	GlobalSection(SolutionProperties) = preSolution
		HideSolutionNode = FALSE
	EndGlobalSection
	GlobalSection(ExtensibilityGlobals) = postSolution
		SolutionGuid = {88931433-8230-4C15-81F9-5319CC377B5E}
	EndGlobalSection
EndGlobal
